
Microsoft Visual Studio Solution File, Format Version 12.00
# Visual Studio Version 16
VisualStudioVersion = 16.0.30413.136
MinimumVisualStudioVersion = 10.0.40219.1
Project("{FAE04EC0-301F-11D3-BF4B-00C04F79EFBC}") = "DovzenokTAR", "DovzenokTAR\DovzenokTAR.csproj", "{9AA8DB61-360C-4890-AC97-C0C6A478D6E0}"
EndProject
Global
	GlobalSection(SolutionConfigurationPlatforms) = preSolution
		Debug|Any CPU = Debug|Any CPU
		Release|Any CPU = Release|Any CPU
	EndGlobalSection
	GlobalSection(ProjectConfigurationPlatforms) = postSolution
		{9AA8DB61-360C-4890-AC97-C0C6A478D6E0}.Debug|Any CPU.ActiveCfg = Debug|Any CPU
		{9AA8DB61-360C-4890-AC97-C0C6A478D6E0}.Debug|Any CPU.Build.0 = Debug|Any CPU
		{9AA8DB61-360C-4890-AC97-C0C6A478D6E0}.Release|Any CPU.ActiveCfg = Release|Any CPU
		{9AA8DB61-360C-4890-AC97-C0C6A478D6E0}.Release|Any CPU.Build.0 = Release|Any CPU
	EndGlobalSection
	GlobalSection(SolutionProperties) = preSolution
		HideSolutionNode = FALSE
	EndGlobalSection
	GlobalSection(ExtensibilityGlobals) = postSolution
		SolutionGuid = {77C3497A-FBB5-4D6B-BED4-3A4224BC40C3}
	EndGlobalSection
EndGlobal
